github.com/michenriksen/hugo-theme-til v0.0.0-20241027092256-55508b1ffa90 h1:J3zwRG7hNzy4D9s2mUonclrVvODnGD1We+Gikd1anc4=
github.com/michenriksen/hugo-theme-til v0.0.0-20241027092256-55508b1ffa90/go.mod h1:t9bPWV70WG1Xq6XNR15QJXvLN4XECyFZDBc44ixKg1s=
github.com/michenriksen/hugo-theme-til v0.0.0-20241027100454-afeb4c6028cb h1:VwwvuwvRvwpeDFO/FAS2V6f5wmaOz+ywkiESGO8hfi0=
github.com/michenriksen/hugo-theme-til v0.0.0-20241027100454-afeb4c6028cb/go.mod h1:t9bPWV70WG1Xq6XNR15QJXvLN4XECyFZDBc44ixKg1s=
github.com/michenriksen/hugo-theme-til v0.0.0-20241027103840-b1b6dacbda98 h1:VVnl8zGGpOXO22EB47bP6KreFjKlq0bbWL0m+40dJbs=
github.com/michenriksen/hugo-theme-til v0.0.0-20241027103840-b1b6dacbda98/go.mod h1:t9bPWV70WG1Xq6XNR15QJXvLN4XECyFZDBc44ixKg1s=
github.com/michenriksen/hugo-theme-til v0.0.0-20241027141212-93479f142ec8 h1:8I4DlmVuSTBv1hMlmJpH2qdXUrauDuDo7XM0+JkCCts=
github.com/michenriksen/hugo-theme-til v0.0.0-20241027141212-93479f142ec8/go.mod h1:t9bPWV70WG1Xq6XNR15QJXvLN4XECyFZDBc44ixKg1s=
github.com/michenriksen/hugo-theme-til v0.5.2 h1:pwq4/kyPdk90X5kK88TPZJg30qmoOxjXJCeT5Hbt2C4=
github.com/michenriksen/hugo-theme-til v0.5.2/go.mod h1:t9bPWV70WG1Xq6XNR15QJXvLN4XECyFZDBc44ixKg1s=
